// !$*UTF8*$!
{
	archiveVersion = 1;
	classes = {
	};
	objectVersion = 46;
	objects = {

/* Begin PBXBuildFile section */
		82C958B21E4ECEC600ADC16F /* main.m in Sources */ = {isa = PBXBuildFile; fileRef = 82C958B11E4ECEC600ADC16F /* main.m */; };
		82C958B51E4ECEC600ADC16F /* AppDelegate.m in Sources */ = {isa = PBXBuildFile; fileRef = 82C958B41E4ECEC600ADC16F /* AppDelegate.m */; };
		82C958B81E4ECEC600ADC16F /* ViewController.m in Sources */ = {isa = PBXBuildFile; fileRef = 82C958B71E4ECEC600ADC16F /* ViewController.m */; };
		82C958BB1E4ECEC600ADC16F /* Main.storyboard in Resources */ = {isa = PBXBuildFile; fileRef = 82C958B91E4ECEC600ADC16F /* Main.storyboard */; };
		82C958BD1E4ECEC600ADC16F /* Assets.xcassets in Resources */ = {isa = PBXBuildFile; fileRef = 82C958BC1E4ECEC600ADC16F /* Assets.xcassets */; };
		82C958C01E4ECEC600ADC16F /* LaunchScreen.storyboard in Resources */ = {isa = PBXBuildFile; fileRef = 82C958BE1E4ECEC600ADC16F /* LaunchScreen.storyboard */; };
		82C958CB1E4ECEC700ADC16F /* PhotosDeadlockRecreationTests.m in Sources */ = {isa = PBXBuildFile; fileRef = 82C958CA1E4ECEC700ADC16F /* PhotosDeadlockRecreationTests.m */; };
/* End PBXBuildFile section */

/* Begin PBXContainerItemProxy section */
		82C958C71E4ECEC700ADC16F /* PBXContainerItemProxy */ = {
			isa = PBXContainerItemProxy;
			containerPortal = 82C958A51E4ECEC600ADC16F /* Project object */;
			proxyType = 1;
			remoteGlobalIDString = 82C958AC1E4ECEC600ADC16F;
			remoteInfo = PhotosDeadlockRecreation;
		};
/* End PBXContainerItemProxy section */

/* Begin PBXFileReference section */
		82C958AD1E4ECEC600ADC16F /* PhotosDeadlockRecreation.app */ = {isa = PBXFileReference; explicitFileType = wrapper.application; includeInIndex = 0; path = PhotosDeadlockRecreation.app; sourceTree = BUILT_PRODUCTS_DIR; };
		82C958B11E4ECEC600ADC16F /* main.m */ = {isa = PBXFileReference; lastKnownFileType = sourcecode.c.objc; path = main.m; sourceTree = "<group>"; };
		82C958B31E4ECEC600ADC16F /* AppDelegate.h */ = {isa = PBXFileReference; lastKnownFileType = sourcecode.c.h; path = AppDelegate.h; sourceTree = "<group>"; };
		82C958B41E4ECEC600ADC16F /* AppDelegate.m */ = {isa = PBXFileReference; lastKnownFileType = sourcecode.c.objc; path = AppDelegate.m; sourceTree = "<group>"; };
		82C958B61E4ECEC600ADC16F /* ViewController.h */ = {isa = PBXFileReference; lastKnownFileType = sourcecode.c.h; path = ViewController.h; sourceTree = "<group>"; };
		82C958B71E4ECEC600ADC16F /* ViewController.m */ = {isa = PBXFileReference; lastKnownFileType = sourcecode.c.objc; path = ViewController.m; sourceTree = "<group>"; };
		82C958BA1E4ECEC600ADC16F /* Base */ = {isa = PBXFileReference; lastKnownFileType = file.storyboard; name = Base; path = Base.lproj/Main.storyboard; sourceTree = "<group>"; };
		82C958BC1E4ECEC600ADC16F /* Assets.xcassets */ = {isa = PBXFileReference; lastKnownFileType = folder.assetcatalog; path = Assets.xcassets; sourceTree = "<group>"; };
		82C958BF1E4ECEC600ADC16F /* Base */ = {isa = PBXFileReference; lastKnownFileType = file.storyboard; name = Base; path = Base.lproj/LaunchScreen.storyboard; sourceTree = "<group>"; };
		82C958C11E4ECEC600ADC16F /* Info.plist */ = {isa = PBXFileReference; lastKnownFileType = text.plist.xml; path = Info.plist; sourceTree = "<group>"; };
		82C958C61E4ECEC700ADC16F /* PhotosDeadlockRecreationTests.xctest */ = {isa = PBXFileReference; explicitFileType = wrapper.cfbundle; includeInIndex = 0; path = PhotosDeadlockRecreationTests.xctest; sourceTree = BUILT_PRODUCTS_DIR; };
		82C958CA1E4ECEC700ADC16F /* PhotosDeadlockRecreationTests.m */ = {isa = PBXFileReference; lastKnownFileType = sourcecode.c.objc; path = PhotosDeadlockRecreationTests.m; sourceTree = "<group>"; };
		82C958CC1E4ECEC700ADC16F /* Info.plist */ = {isa = PBXFileReference; lastKnownFileType = text.plist.xml; path = Info.plist; sourceTree = "<group>"; };
/* End PBXFileReference section */

/* Begin PBXFrameworksBuildPhase section */
		82C958AA1E4ECEC600ADC16F /* Frameworks */ = {
			isa = PBXFrameworksBuildPhase;
			buildActionMask = 2147483647;
			files = (
			);
			runOnlyForDeploymentPostprocessing = 0;
		};
		82C958C31E4ECEC700ADC16F /* Frameworks */ = {
			isa = PBXFrameworksBuildPhase;
			buildActionMask = 2147483647;
			files = (
			);
			runOnlyForDeploymentPostprocessing = 0;
		};
/* End PBXFrameworksBuildPhase section */

/* Begin PBXGroup section */
		82C958A41E4ECEC600ADC16F = {
			isa = PBXGroup;
			children = (
				82C958AF1E4ECEC600ADC16F /* PhotosDeadlockRecreation */,
				82C958C91E4ECEC700ADC16F /* PhotosDeadlockRecreationTests */,
				82C958AE1E4ECEC600ADC16F /* Products */,
			);
			sourceTree = "<group>";
		};
		82C958AE1E4ECEC600ADC16F /* Products */ = {
			isa = PBXGroup;
			children = (
				82C958AD1E4ECEC600ADC16F /* PhotosDeadlockRecreation.app */,
				82C958C61E4ECEC700ADC16F /* PhotosDeadlockRecreationTests.xctest */,
			);
			name = Products;
			sourceTree = "<group>";
		};
		82C958AF1E4ECEC600ADC16F /* PhotosDeadlockRecreation */ = {
			isa = PBXGroup;
			children = (
				82C958B31E4ECEC600ADC16F /* AppDelegate.h */,
				82C958B41E4ECEC600ADC16F /* AppDelegate.m */,
				82C958B61E4ECEC600ADC16F /* ViewController.h */,
				82C958B71E4ECEC600ADC16F /* ViewController.m */,
				82C958B91E4ECEC600ADC16F /* Main.storyboard */,
				82C958BC1E4ECEC600ADC16F /* Assets.xcassets */,
				82C958BE1E4ECEC600ADC16F /* LaunchScreen.storyboard */,
				82C958C11E4ECEC600ADC16F /* Info.plist */,
				82C958B01E4ECEC600ADC16F /* Supporting Files */,
			);
			path = PhotosDeadlockRecreation;
			sourceTree = "<group>";
		};
		82C958B01E4ECEC600ADC16F /* Supporting Files */ = {
			isa = PBXGroup;
			children = (
				82C958B11E4ECEC600ADC16F /* main.m */,
			);
			name = "Supporting Files";
			sourceTree = "<group>";
		};
		82C958C91E4ECEC700ADC16F /* PhotosDeadlockRecreationTests */ = {
			isa = PBXGroup;
			children = (
				82C958CA1E4ECEC700ADC16F /* PhotosDeadlockRecreationTests.m */,
				82C958CC1E4ECEC700ADC16F /* Info.plist */,
			);
			path = PhotosDeadlockRecreationTests;
			sourceTree = "<group>";
		};
/* End PBXGroup section */

/* Begin PBXNativeTarget section */
		82C958AC1E4ECEC600ADC16F /* PhotosDeadlockRecreation */ = {
			isa = PBXNativeTarget;
			buildConfigurationList = 82C958CF1E4ECEC700ADC16F /* Build configuration list for PBXNativeTarget "PhotosDeadlockRecreation" */;
			buildPhases = (
				82C958A91E4ECEC600ADC16F /* Sources */,
				82C958AA1E4ECEC600ADC16F /* Frameworks */,
				82C958AB1E4ECEC600ADC16F /* Resources */,
			);
			buildRules = (
			);
			dependencies = (
			);
			name = PhotosDeadlockRecreation;
			productName = PhotosDeadlockRecreation;
			productReference = 82C958AD1E4ECEC600ADC16F /* PhotosDeadlockRecreation.app */;
			productType = "com.apple.product-type.application";
		};
		82C958C51E4ECEC700ADC16F /* PhotosDeadlockRecreationTests */ = {
			isa = PBXNativeTarget;
			buildConfigurationList = 82C958D21E4ECEC700ADC16F /* Build configuration list for PBXNativeTarget "PhotosDeadlockRecreationTests" */;
			buildPhases = (
				82C958C21E4ECEC700ADC16F /* Sources */,
				82C958C31E4ECEC700ADC16F /* Frameworks */,
				82C958C41E4ECEC700ADC16F /* Resources */,
			);
			buildRules = (
			);
			dependencies = (
				82C958C81E4ECEC700ADC16F /* PBXTargetDependency */,
			);
			name = PhotosDeadlockRecreationTests;
			productName = PhotosDeadlockRecreationTests;
			productReference = 82C958C61E4ECEC700ADC16F /* PhotosDeadlockRecreationTests.xctest */;
			productType = "com.apple.product-type.bundle.unit-test";
		};
/* End PBXNativeTarget section */

/* Begin PBXProject section */
		82C958A51E4ECEC600ADC16F /* Project object */ = {
			isa = PBXProject;
			attributes = {
				LastUpgradeCheck = 0820;
				ORGANIZATIONNAME = "Rao Studios, Inc";
				TargetAttributes = {
					82C958AC1E4ECEC600ADC16F = {
						CreatedOnToolsVersion = 8.2.1;
						DevelopmentTeam = GH3628GD63;
						ProvisioningStyle = Automatic;
					};
					82C958C51E4ECEC700ADC16F = {
						CreatedOnToolsVersion = 8.2.1;
						DevelopmentTeam = GH3628GD63;
						ProvisioningStyle = Automatic;
						TestTargetID = 82C958AC1E4ECEC600ADC16F;
					};
				};
			};
			buildConfigurationList = 82C958A81E4ECEC600ADC16F /* Build configuration list for PBXProject "PhotosDeadlockRecreation" */;
			compatibilityVersion = "Xcode 3.2";
			developmentRegion = English;
			hasScannedForEncodings = 0;
			knownRegions = (
				en,
				Base,
			);
			mainGroup = 82C958A41E4ECEC600ADC16F;
			productRefGroup = 82C958AE1E4ECEC600ADC16F /* Products */;
			projectDirPath = "";
			projectRoot = "";
			targets = (
				82C958AC1E4ECEC600ADC16F /* PhotosDeadlockRecreation */,
				82C958C51E4ECEC700ADC16F /* PhotosDeadlockRecreationTests */,
			);
		};
/* End PBXProject section */

/* Begin PBXResourcesBuildPhase section */
		82C958AB1E4ECEC600ADC16F /* Resources */ = {
			isa = PBXResourcesBuildPhase;
			buildActionMask = 2147483647;
			files = (
				82C958C01E4ECEC600ADC16F /* LaunchScreen.storyboard in Resources */,
				82C958BD1E4ECEC600ADC16F /* Assets.xcassets in Resources */,
				82C958BB1E4ECEC600ADC16F /* Main.storyboard in Resources */,
			);
			runOnlyForDeploymentPostprocessing = 0;
		};
		82C958C41E4ECEC700ADC16F /* Resources */ = {
			isa = PBXResourcesBuildPhase;
			buildActionMask = 2147483647;
			files = (
			);
			runOnlyForDeploymentPostprocessing = 0;
		};
/* End PBXResourcesBuildPhase section */

/* Begin PBXSourcesBuildPhase section */
		82C958A91E4ECEC600ADC16F /* Sources */ = {
			isa = PBXSourcesBuildPhase;
			buildActionMask = 2147483647;
			files = (
				82C958B81E4ECEC600ADC16F /* ViewController.m in Sources */,
				82C958B51E4ECEC600ADC16F /* AppDelegate.m in Sources */,
				82C958B21E4ECEC600ADC16F /* main.m in Sources */,
			);
			runOnlyForDeploymentPostprocessing = 0;
		};
		82C958C21E4ECEC700ADC16F /* Sources */ = {
			isa = PBXSourcesBuildPhase;
			buildActionMask = 2147483647;
			files = (
				82C958CB1E4ECEC700ADC16F /* PhotosDeadlockRecreationTests.m in Sources */,
			);
			runOnlyForDeploymentPostprocessing = 0;
		};
/* End PBXSourcesBuildPhase section */

/* Begin PBXTargetDependency section */
		82C958C81E4ECEC700ADC16F /* PBXTargetDependency */ = {
			isa = PBXTargetDependency;
			target = 82C958AC1E4ECEC600ADC16F /* PhotosDeadlockRecreation */;
			targetProxy = 82C958C71E4ECEC700ADC16F /* PBXContainerItemProxy */;
		};
/* End PBXTargetDependency section */

/* Begin PBXVariantGroup section */
		82C958B91E4ECEC600ADC16F /* Main.storyboard */ = {
			isa = PBXVariantGroup;
			children = (
				82C958BA1E4ECEC600ADC16F /* Base */,
			);
			name = Main.storyboard;
			sourceTree = "<group>";
		};
		82C958BE1E4ECEC600ADC16F /* LaunchScreen.storyboard */ = {
			isa = PBXVariantGroup;
			children = (
				82C958BF1E4ECEC600ADC16F /* Base */,
			);
			name = LaunchScreen.storyboard;
			sourceTree = "<group>";
		};
/* End PBXVariantGroup section */

/* Begin XCBuildConfiguration section */
		82C958CD1E4ECEC700ADC16F /* Debug */ = {
			isa = XCBuildConfiguration;
			buildSettings = {
				ALWAYS_SEARCH_USER_PATHS = NO;
				CLANG_ANALYZER_NONNULL = YES;
				CLANG_CXX_LANGUAGE_STANDARD = "gnu++0x";
				CLANG_CXX_LIBRARY = "libc++";
				CLANG_ENABLE_MODULES = YES;
				CLANG_ENABLE_OBJC_ARC = YES;
				CLANG_WARN_BOOL_CONVERSION = YES;
				CLANG_WARN_CONSTANT_CONVERSION = YES;
				CLANG_WARN_DIRECT_OBJC_ISA_USAGE = YES_ERROR;
				CLANG_WARN_DOCUMENTATION_COMMENTS = YES;
				CLANG_WARN_EMPTY_BODY = YES;
				CLANG_WARN_ENUM_CONVERSION = YES;
				CLANG_WARN_INFINITE_RECURSION = YES;
				CLANG_WARN_INT_CONVERSION = YES;
				CLANG_WARN_OBJC_ROOT_CLASS = YES_ERROR;
				CLANG_WARN_SUSPICIOUS_MOVE = YES;
				CLANG_WARN_UNREACHABLE_CODE = YES;
				CLANG_WARN__DUPLICATE_METHOD_MATCH = YES;
				"CODE_SIGN_IDENTITY[sdk=iphoneos*]" = "iPhone Developer";
				COPY_PHASE_STRIP = NO;
				DEBUG_INFORMATION_FORMAT = dwarf;
				ENABLE_STRICT_OBJC_MSGSEND = YES;
				ENABLE_TESTABILITY = YES;
				GCC_C_LANGUAGE_STANDARD = gnu99;
				GCC_DYNAMIC_NO_PIC = NO;
				GCC_NO_COMMON_BLOCKS = YES;
				GCC_OPTIMIZATION_LEVEL = 0;
				GCC_PREPROCESSOR_DEFINITIONS = (
					"DEBUG=1",
					"$(inherited)",
				);
				GCC_WARN_64_TO_32_BIT_CONVERSION = YES;
				GCC_WARN_ABOUT_RETURN_TYPE = YES_ERROR;
				GCC_WARN_UNDECLARED_SELECTOR = YES;
				GCC_WARN_UNINITIALIZED_AUTOS = YES_AGGRESSIVE;
				GCC_WARN_UNUSED_FUNCTION = YES;
				GCC_WARN_UNUSED_VARIABLE = YES;
				IPHONEOS_DEPLOYMENT_TARGET = 10.2;
				MTL_ENABLE_DEBUG_INFO = YES;
				ONLY_ACTIVE_ARCH = YES;
				SDKROOT = iphoneos;
			};
			name = Debug;
		};
		82C958CE1E4ECEC700ADC16F /* Release */ = {
			isa = XCBuildConfiguration;
			buildSettings = {
				ALWAYS_SEARCH_USER_PATHS = NO;
				CLANG_ANALYZER_NONNULL = YES;
				CLANG_CXX_LANGUAGE_STANDARD = "gnu++0x";
				CLANG_CXX_LIBRARY = "libc++";
				CLANG_ENABLE_MODULES = YES;
				CLANG_ENABLE_OBJC_ARC = YES;
				CLANG_WARN_BOOL_CONVERSION = YES;
				CLANG_WARN_CONSTANT_CONVERSION = YES;
				CLANG_WARN_DIRECT_OBJC_ISA_USAGE = YES_ERROR;
				CLANG_WARN_DOCUMENTATION_COMMENTS = YES;
				CLANG_WARN_EMPTY_BODY = YES;
				CLANG_WARN_ENUM_CONVERSION = YES;
				CLANG_WARN_INFINITE_RECURSION = YES;
				CLANG_WARN_INT_CONVERSION = YES;
				CLANG_WARN_OBJC_ROOT_CLASS = YES_ERROR;
				CLANG_WARN_SUSPICIOUS_MOVE = YES;
				CLANG_WARN_UNREACHABLE_CODE = YES;
				CLANG_WARN__DUPLICATE_METHOD_MATCH = YES;
				"CODE_SIGN_IDENTITY[sdk=iphoneos*]" = "iPhone Developer";
				COPY_PHASE_STRIP = NO;
				DEBUG_INFORMATION_FORMAT = "dwarf-with-dsym";
				ENABLE_NS_ASSERTIONS = NO;
				ENABLE_STRICT_OBJC_MSGSEND = YES;
				GCC_C_LANGUAGE_STANDARD = gnu99;
				GCC_NO_COMMON_BLOCKS = YES;
				GCC_WARN_64_TO_32_BIT_CONVERSION = YES;
				GCC_WARN_ABOUT_RETURN_TYPE = YES_ERROR;
				GCC_WARN_UNDECLARED_SELECTOR = YES;
				GCC_WARN_UNINITIALIZED_AUTOS = YES_AGGRESSIVE;
				GCC_WARN_UNUSED_FUNCTION = YES;
				GCC_WARN_UNUSED_VARIABLE = YES;
				IPHONEOS_DEPLOYMENT_TARGET = 10.2;
				MTL_ENABLE_DEBUG_INFO = NO;
				SDKROOT = iphoneos;
				VALIDATE_PRODUCT = YES;
			};
			name = Release;
		};
		82C958D01E4ECEC700ADC16F /* Debug */ = {
			isa = XCBuildConfiguration;
			buildSettings = {
				ASSETCATALOG_COMPILER_APPICON_NAME = AppIcon;
				DEVELOPMENT_TEAM = GH3628GD63;
				INFOPLIST_FILE = PhotosDeadlockRecreation/Info.plist;
				LD_RUNPATH_SEARCH_PATHS = "$(inherited) @executable_path/Frameworks";
				PRODUCT_BUNDLE_IDENTIFIER = RS.PhotosDeadlockRecreation;
				PRODUCT_NAME = "$(TARGET_NAME)";
			};
			name = Debug;
		};
		82C958D11E4ECEC700ADC16F /* Release */ = {
			isa = XCBuildConfiguration;
			buildSettings = {
				ASSETCATALOG_COMPILER_APPICON_NAME = AppIcon;
				DEVELOPMENT_TEAM = GH3628GD63;
				INFOPLIST_FILE = PhotosDeadlockRecreation/Info.plist;
				LD_RUNPATH_SEARCH_PATHS = "$(inherited) @executable_path/Frameworks";
				PRODUCT_BUNDLE_IDENTIFIER = RS.PhotosDeadlockRecreation;
				PRODUCT_NAME = "$(TARGET_NAME)";
			};
			name = Release;
		};
		82C958D31E4ECEC700ADC16F /* Debug */ = {
			isa = XCBuildConfiguration;
			buildSettings = {
				BUNDLE_LOADER = "$(TEST_HOST)";
				DEVELOPMENT_TEAM = GH3628GD63;
				INFOPLIST_FILE = PhotosDeadlockRecreationTests/Info.plist;
				LD_RUNPATH_SEARCH_PATHS = "$(inherited) @executable_path/Frameworks @loader_path/Frameworks";
				PRODUCT_BUNDLE_IDENTIFIER = RS.PhotosDeadlockRecreationTests;
				PRODUCT_NAME = "$(TARGET_NAME)";
				TEST_HOST = "$(BUILT_PRODUCTS_DIR)/PhotosDeadlockRecreation.app/PhotosDeadlockRecreation";
			};
			name = Debug;
		};
		82C958D41E4ECEC700ADC16F /* Release */ = {
			isa = XCBuildConfiguration;
			buildSettings = {
				BUNDLE_LOADER = "$(TEST_HOST)";
				DEVELOPMENT_TEAM = GH3628GD63;
				INFOPLIST_FILE = PhotosDeadlockRecreationTests/Info.plist;
				LD_RUNPATH_SEARCH_PATHS = "$(inherited) @executable_path/Frameworks @loader_path/Frameworks";
				PRODUCT_BUNDLE_IDENTIFIER = RS.PhotosDeadlockRecreationTests;
				PRODUCT_NAME = "$(TARGET_NAME)";
				TEST_HOST = "$(BUILT_PRODUCTS_DIR)/PhotosDeadlockRecreation.app/PhotosDeadlockRecreation";
			};
			name = Release;
		};
/* End XCBuildConfiguration section */

/* Begin XCConfigurationList section */
		82C958A81E4ECEC600ADC16F /* Build configuration list for PBXProject "PhotosDeadlockRecreation" */ = {
			isa = XCConfigurationList;
			buildConfigurations = (
				82C958CD1E4ECEC700ADC16F /* Debug */,
				82C958CE1E4ECEC700ADC16F /* Release */,
			);
			defaultConfigurationIsVisible = 0;
			defaultConfigurationName = Release;
		};
		82C958CF1E4ECEC700ADC16F /* Build configuration list for PBXNativeTarget "PhotosDeadlockRecreation" */ = {
			isa = XCConfigurationList;
			buildConfigurations = (
				82C958D01E4ECEC700ADC16F /* Debug */,
				82C958D11E4ECEC700ADC16F /* Release */,
			);
			defaultConfigurationIsVisible = 0;
		};
		82C958D21E4ECEC700ADC16F /* Build configuration list for PBXNativeTarget "PhotosDeadlockRecreationTests" */ = {
			isa = XCConfigurationList;
			buildConfigurations = (
				82C958D31E4ECEC700ADC16F /* Debug */,
				82C958D41E4ECEC700ADC16F /* Release */,
			);
			defaultConfigurationIsVisible = 0;
		};
/* End XCConfigurationList section */
	};
	rootObject = 82C958A51E4ECEC600ADC16F /* Project object */;
}
